
Microsoft Visual Studio Solution File, Format Version 12.00
# Visual Studio Version 17
VisualStudioVersion = 17.0.31903.59
MinimumVisualStudioVersion = 10.0.40219.1
Project("{9A19103F-16F7-4668-BE54-9A1E7A4F7556}") = "MusicMaker.Core", "MusicMaker.Core\MusicMaker.Core.csproj", "{392DFB92-87F6-4BE9-A6FB-27A5878644B0}"
EndProject
Project("{9A19103F-16F7-4668-BE54-9A1E7A4F7556}") = "MusicMaker.Infra", "MusicMaker.Infra\MusicMaker.Infra.csproj", "{625A4335-949F-4B40-BD5D-94BED3DE6A4E}"
EndProject
Project("{9A19103F-16F7-4668-BE54-9A1E7A4F7556}") = "MusicMaker.Tests", "MusicMaker.Tests\MusicMaker.Tests.csproj", "{99DA8A4D-3401-4BAA-A77B-92446E834DFF}"
EndProject
Global
	GlobalSection(SolutionConfigurationPlatforms) = preSolution
		Debug|Any CPU = Debug|Any CPU
		Release|Any CPU = Release|Any CPU
	EndGlobalSection
	GlobalSection(ProjectConfigurationPlatforms) = postSolution
		{392DFB92-87F6-4BE9-A6FB-27A5878644B0}.Debug|Any CPU.ActiveCfg = Debug|Any CPU
		{392DFB92-87F6-4BE9-A6FB-27A5878644B0}.Debug|Any CPU.Build.0 = Debug|Any CPU
		{392DFB92-87F6-4BE9-A6FB-27A5878644B0}.Release|Any CPU.ActiveCfg = Release|Any CPU
		{392DFB92-87F6-4BE9-A6FB-27A5878644B0}.Release|Any CPU.Build.0 = Release|Any CPU
		{625A4335-949F-4B40-BD5D-94BED3DE6A4E}.Debug|Any CPU.ActiveCfg = Debug|Any CPU
		{625A4335-949F-4B40-BD5D-94BED3DE6A4E}.Debug|Any CPU.Build.0 = Debug|Any CPU
		{625A4335-949F-4B40-BD5D-94BED3DE6A4E}.Release|Any CPU.ActiveCfg = Release|Any CPU
		{625A4335-949F-4B40-BD5D-94BED3DE6A4E}.Release|Any CPU.Build.0 = Release|Any CPU
		{99DA8A4D-3401-4BAA-A77B-92446E834DFF}.Debug|Any CPU.ActiveCfg = Debug|Any CPU
		{99DA8A4D-3401-4BAA-A77B-92446E834DFF}.Debug|Any CPU.Build.0 = Debug|Any CPU
		{99DA8A4D-3401-4BAA-A77B-92446E834DFF}.Release|Any CPU.ActiveCfg = Release|Any CPU
		{99DA8A4D-3401-4BAA-A77B-92446E834DFF}.Release|Any CPU.Build.0 = Release|Any CPU
		{78CD54DF-9D57-4B7B-8069-B974FB0F4134}.Debug|Any CPU.ActiveCfg = Debug|Any CPU
		{78CD54DF-9D57-4B7B-8069-B974FB0F4134}.Debug|Any CPU.Build.0 = Debug|Any CPU
		{78CD54DF-9D57-4B7B-8069-B974FB0F4134}.Release|Any CPU.ActiveCfg = Release|Any CPU
		{78CD54DF-9D57-4B7B-8069-B974FB0F4134}.Release|Any CPU.Build.0 = Release|Any CPU
	EndGlobalSection
	GlobalSection(SolutionProperties) = preSolution
		HideSolutionNode = FALSE
	EndGlobalSection
	GlobalSection(ExtensibilityGlobals) = postSolution
		SolutionGuid = {53237B22-9BA9-4278-A35B-5E63C741F784}
	EndGlobalSection
EndGlobal
